
Microsoft Visual Studio Solution File, Format Version 12.00
# Visual Studio Version 16
VisualStudioVersion = 16.0.31729.503
MinimumVisualStudioVersion = 10.0.40219.1
Project("{FAE04EC0-301F-11D3-BF4B-00C04F79EFBC}") = "Tiny Compiler", "Tiny Compiler\Tiny Compiler.csproj", "{8C598A4F-9372-4EAE-ABB6-1E5005159970}"
EndProject
Global
	GlobalSection(SolutionConfigurationPlatforms) = preSolution
		Debug|Any CPU = Debug|Any CPU
		Release|Any CPU = Release|Any CPU
	EndGlobalSection
	GlobalSection(ProjectConfigurationPlatforms) = postSolution
		{8C598A4F-9372-4EAE-ABB6-1E5005159970}.Debug|Any CPU.ActiveCfg = Debug|Any CPU
		{8C598A4F-9372-4EAE-ABB6-1E5005159970}.Debug|Any CPU.Build.0 = Debug|Any CPU
		{8C598A4F-9372-4EAE-ABB6-1E5005159970}.Release|Any CPU.ActiveCfg = Release|Any CPU
		{8C598A4F-9372-4EAE-ABB6-1E5005159970}.Release|Any CPU.Build.0 = Release|Any CPU
	EndGlobalSection
	GlobalSection(SolutionProperties) = preSolution
		HideSolutionNode = FALSE
	EndGlobalSection
	GlobalSection(ExtensibilityGlobals) = postSolution
		SolutionGuid = {9CBBC291-9E8F-434A-BF82-EB8AF46338E7}
	EndGlobalSection
EndGlobal
